{
  "name": "epidemic_analysis",
  "version": "1.0.0",
  "lockfileVersion": 1,
  "requires": true,
  "dependencies": {
    "echarts-wordcloud": {
      "version": "2.0.0",
      "resolved": "https://registry.npm.taobao.org/echarts-wordcloud/download/echarts-wordcloud-2.0.0.tgz",
      "integrity": "sha1-Uu+BeJWAH/6emd0brKt2hrLewEo="
    }
  }
}
